
Microsoft Visual Studio Solution File, Format Version 12.00
# Visual Studio 15
VisualStudioVersion = 15.0.26730.16
MinimumVisualStudioVersion = 10.0.40219.1
Project("{FAE04EC0-301F-11D3-BF4B-00C04F79EFBC}") = "is403-data-structures-group", "is403-data-structures-group\is403-data-structures-group.csproj", "{4DBA9970-2AE0-4E88-82CE-7572805D22FD}"
EndProject
Global
	GlobalSection(SolutionConfigurationPlatforms) = preSolution
		Debug|Any CPU = Debug|Any CPU
		Release|Any CPU = Release|Any CPU
	EndGlobalSection
	GlobalSection(ProjectConfigurationPlatforms) = postSolution
		{4DBA9970-2AE0-4E88-82CE-7572805D22FD}.Debug|Any CPU.ActiveCfg = Debug|Any CPU
		{4DBA9970-2AE0-4E88-82CE-7572805D22FD}.Debug|Any CPU.Build.0 = Debug|Any CPU
		{4DBA9970-2AE0-4E88-82CE-7572805D22FD}.Release|Any CPU.ActiveCfg = Release|Any CPU
		{4DBA9970-2AE0-4E88-82CE-7572805D22FD}.Release|Any CPU.Build.0 = Release|Any CPU
	EndGlobalSection
	GlobalSection(SolutionProperties) = preSolution
		HideSolutionNode = FALSE
	EndGlobalSection
	GlobalSection(ExtensibilityGlobals) = postSolution
		SolutionGuid = {ABC990DD-53E1-47EA-9F44-516880CAFB69}
	EndGlobalSection
EndGlobal
